// !$*UTF8*$!
{
	archiveVersion = 1;
	classes = {
	};
	objectVersion = 55;
	objects = {

/* Begin PBXBuildFile section */
		84F74D3427F157760065B6B5 /* AppDelegate.m in Sources */ = {isa = PBXBuildFile; fileRef = 84F74D3327F157760065B6B5 /* AppDelegate.m */; };
		84F74D3727F157760065B6B5 /* SceneDelegate.m in Sources */ = {isa = PBXBuildFile; fileRef = 84F74D3627F157760065B6B5 /* SceneDelegate.m */; };
		84F74D3A27F157760065B6B5 /* ViewController.m in Sources */ = {isa = PBXBuildFile; fileRef = 84F74D3927F157760065B6B5 /* ViewController.m */; };
		84F74D3D27F157760065B6B5 /* Main.storyboard in Resources */ = {isa = PBXBuildFile; fileRef = 84F74D3B27F157760065B6B5 /* Main.storyboard */; };
		84F74D3F27F157780065B6B5 /* Assets.xcassets in Resources */ = {isa = PBXBuildFile; fileRef = 84F74D3E27F157780065B6B5 /* Assets.xcassets */; };
		84F74D4227F157780065B6B5 /* LaunchScreen.storyboard in Resources */ = {isa = PBXBuildFile; fileRef = 84F74D4027F157780065B6B5 /* LaunchScreen.storyboard */; };
		84F74D4527F157780065B6B5 /* main.m in Sources */ = {isa = PBXBuildFile; fileRef = 84F74D4427F157780065B6B5 /* main.m */; };
		84F74D4F27F157780065B6B5 /* OcDemoTests.m in Sources */ = {isa = PBXBuildFile; fileRef = 84F74D4E27F157780065B6B5 /* OcDemoTests.m */; };
		84F74D5927F157780065B6B5 /* OcDemoUITests.m in Sources */ = {isa = PBXBuildFile; fileRef = 84F74D5827F157780065B6B5 /* OcDemoUITests.m */; };
		84F74D5B27F157780065B6B5 /* OcDemoUITestsLaunchTests.m in Sources */ = {isa = PBXBuildFile; fileRef = 84F74D5A27F157780065B6B5 /* OcDemoUITestsLaunchTests.m */; };
/* End PBXBuildFile section */

/* Begin PBXContainerItemProxy section */
		84F74D4B27F157780065B6B5 /* PBXContainerItemProxy */ = {
			isa = PBXContainerItemProxy;
			containerPortal = 84F74D2727F157760065B6B5 /* Project object */;
			proxyType = 1;
			remoteGlobalIDString = 84F74D2E27F157760065B6B5;
			remoteInfo = OcDemo;
		};
		84F74D5527F157780065B6B5 /* PBXContainerItemProxy */ = {
			isa = PBXContainerItemProxy;
			containerPortal = 84F74D2727F157760065B6B5 /* Project object */;
			proxyType = 1;
			remoteGlobalIDString = 84F74D2E27F157760065B6B5;
			remoteInfo = OcDemo;
		};
/* End PBXContainerItemProxy section */

/* Begin PBXFileReference section */
		84F74D2F27F157760065B6B5 /* OcDemo.app */ = {isa = PBXFileReference; explicitFileType = wrapper.application; includeInIndex = 0; path = OcDemo.app; sourceTree = BUILT_PRODUCTS_DIR; };
		84F74D3227F157760065B6B5 /* AppDelegate.h */ = {isa = PBXFileReference; lastKnownFileType = sourcecode.c.h; path = AppDelegate.h; sourceTree = "<group>"; };
		84F74D3327F157760065B6B5 /* AppDelegate.m */ = {isa = PBXFileReference; lastKnownFileType = sourcecode.c.objc; path = AppDelegate.m; sourceTree = "<group>"; };
		84F74D3527F157760065B6B5 /* SceneDelegate.h */ = {isa = PBXFileReference; lastKnownFileType = sourcecode.c.h; path = SceneDelegate.h; sourceTree = "<group>"; };
		84F74D3627F157760065B6B5 /* SceneDelegate.m */ = {isa = PBXFileReference; lastKnownFileType = sourcecode.c.objc; path = SceneDelegate.m; sourceTree = "<group>"; };
		84F74D3827F157760065B6B5 /* ViewController.h */ = {isa = PBXFileReference; lastKnownFileType = sourcecode.c.h; path = ViewController.h; sourceTree = "<group>"; };
		84F74D3927F157760065B6B5 /* ViewController.m */ = {isa = PBXFileReference; lastKnownFileType = sourcecode.c.objc; path = ViewController.m; sourceTree = "<group>"; };
		84F74D3C27F157760065B6B5 /* Base */ = {isa = PBXFileReference; lastKnownFileType = file.storyboard; name = Base; path = Base.lproj/Main.storyboard; sourceTree = "<group>"; };
		84F74D3E27F157780065B6B5 /* Assets.xcassets */ = {isa = PBXFileReference; lastKnownFileType = folder.assetcatalog; path = Assets.xcassets; sourceTree = "<group>"; };
		84F74D4127F157780065B6B5 /* Base */ = {isa = PBXFileReference; lastKnownFileType = file.storyboard; name = Base; path = Base.lproj/LaunchScreen.storyboard; sourceTree = "<group>"; };
		84F74D4327F157780065B6B5 /* Info.plist */ = {isa = PBXFileReference; lastKnownFileType = text.plist.xml; path = Info.plist; sourceTree = "<group>"; };
		84F74D4427F157780065B6B5 /* main.m */ = {isa = PBXFileReference; lastKnownFileType = sourcecode.c.objc; path = main.m; sourceTree = "<group>"; };
		84F74D4A27F157780065B6B5 /* OcDemoTests.xctest */ = {isa = PBXFileReference; explicitFileType = wrapper.cfbundle; includeInIndex = 0; path = OcDemoTests.xctest; sourceTree = BUILT_PRODUCTS_DIR; };
		84F74D4E27F157780065B6B5 /* OcDemoTests.m */ = {isa = PBXFileReference; lastKnownFileType = sourcecode.c.objc; path = OcDemoTests.m; sourceTree = "<group>"; };
		84F74D5427F157780065B6B5 /* OcDemoUITests.xctest */ = {isa = PBXFileReference; explicitFileType = wrapper.cfbundle; includeInIndex = 0; path = OcDemoUITests.xctest; sourceTree = BUILT_PRODUCTS_DIR; };
		84F74D5827F157780065B6B5 /* OcDemoUITests.m */ = {isa = PBXFileReference; lastKnownFileType = sourcecode.c.objc; path = OcDemoUITests.m; sourceTree = "<group>"; };
		84F74D5A27F157780065B6B5 /* OcDemoUITestsLaunchTests.m */ = {isa = PBXFileReference; lastKnownFileType = sourcecode.c.objc; path = OcDemoUITestsLaunchTests.m; sourceTree = "<group>"; };
/* End PBXFileReference section */

/* Begin PBXFrameworksBuildPhase section */
		84F74D2C27F157760065B6B5 /* Frameworks */ = {
			isa = PBXFrameworksBuildPhase;
			buildActionMask = 2147483647;
			files = (
			);
			runOnlyForDeploymentPostprocessing = 0;
		};
		84F74D4727F157780065B6B5 /* Frameworks */ = {
			isa = PBXFrameworksBuildPhase;
			buildActionMask = 2147483647;
			files = (
			);
			runOnlyForDeploymentPostprocessing = 0;
		};
		84F74D5127F157780065B6B5 /* Frameworks */ = {
			isa = PBXFrameworksBuildPhase;
			buildActionMask = 2147483647;
			files = (
			);
			runOnlyForDeploymentPostprocessing = 0;
		};
/* End PBXFrameworksBuildPhase section */

/* Begin PBXGroup section */
		84F74D2627F157760065B6B5 = {
			isa = PBXGroup;
			children = (
				84F74D3127F157760065B6B5 /* OcDemo */,
				84F74D4D27F157780065B6B5 /* OcDemoTests */,
				84F74D5727F157780065B6B5 /* OcDemoUITests */,
				84F74D3027F157760065B6B5 /* Products */,
			);
			sourceTree = "<group>";
		};
		84F74D3027F157760065B6B5 /* Products */ = {
			isa = PBXGroup;
			children = (
				84F74D2F27F157760065B6B5 /* OcDemo.app */,
				84F74D4A27F157780065B6B5 /* OcDemoTests.xctest */,
				84F74D5427F157780065B6B5 /* OcDemoUITests.xctest */,
			);
			name = Products;
			sourceTree = "<group>";
		};
		84F74D3127F157760065B6B5 /* OcDemo */ = {
			isa = PBXGroup;
			children = (
				84F74D3227F157760065B6B5 /* AppDelegate.h */,
				84F74D3327F157760065B6B5 /* AppDelegate.m */,
				84F74D3527F157760065B6B5 /* SceneDelegate.h */,
				84F74D3627F157760065B6B5 /* SceneDelegate.m */,
				84F74D3827F157760065B6B5 /* ViewController.h */,
				84F74D3927F157760065B6B5 /* ViewController.m */,
				84F74D3B27F157760065B6B5 /* Main.storyboard */,
				84F74D3E27F157780065B6B5 /* Assets.xcassets */,
				84F74D4027F157780065B6B5 /* LaunchScreen.storyboard */,
				84F74D4327F157780065B6B5 /* Info.plist */,
				84F74D4427F157780065B6B5 /* main.m */,
			);
			path = OcDemo;
			sourceTree = "<group>";
		};
		84F74D4D27F157780065B6B5 /* OcDemoTests */ = {
			isa = PBXGroup;
			children = (
				84F74D4E27F157780065B6B5 /* OcDemoTests.m */,
			);
			path = OcDemoTests;
			sourceTree = "<group>";
		};
		84F74D5727F157780065B6B5 /* OcDemoUITests */ = {
			isa = PBXGroup;
			children = (
				84F74D5827F157780065B6B5 /* OcDemoUITests.m */,
				84F74D5A27F157780065B6B5 /* OcDemoUITestsLaunchTests.m */,
			);
			path = OcDemoUITests;
			sourceTree = "<group>";
		};
/* End PBXGroup section */

/* Begin PBXNativeTarget section */
		84F74D2E27F157760065B6B5 /* OcDemo */ = {
			isa = PBXNativeTarget;
			buildConfigurationList = 84F74D5E27F157780065B6B5 /* Build configuration list for PBXNativeTarget "OcDemo" */;
			buildPhases = (
				84F74D2B27F157760065B6B5 /* Sources */,
				84F74D2C27F157760065B6B5 /* Frameworks */,
				84F74D2D27F157760065B6B5 /* Resources */,
			);
			buildRules = (
			);
			dependencies = (
			);
			name = OcDemo;
			productName = OcDemo;
			productReference = 84F74D2F27F157760065B6B5 /* OcDemo.app */;
			productType = "com.apple.product-type.application";
		};
		84F74D4927F157780065B6B5 /* OcDemoTests */ = {
			isa = PBXNativeTarget;
			buildConfigurationList = 84F74D6127F157780065B6B5 /* Build configuration list for PBXNativeTarget "OcDemoTests" */;
			buildPhases = (
				84F74D4627F157780065B6B5 /* Sources */,
				84F74D4727F157780065B6B5 /* Frameworks */,
				84F74D4827F157780065B6B5 /* Resources */,
			);
			buildRules = (
			);
			dependencies = (
				84F74D4C27F157780065B6B5 /* PBXTargetDependency */,
			);
			name = OcDemoTests;
			productName = OcDemoTests;
			productReference = 84F74D4A27F157780065B6B5 /* OcDemoTests.xctest */;
			productType = "com.apple.product-type.bundle.unit-test";
		};
		84F74D5327F157780065B6B5 /* OcDemoUITests */ = {
			isa = PBXNativeTarget;
			buildConfigurationList = 84F74D6427F157780065B6B5 /* Build configuration list for PBXNativeTarget "OcDemoUITests" */;
			buildPhases = (
				84F74D5027F157780065B6B5 /* Sources */,
				84F74D5127F157780065B6B5 /* Frameworks */,
				84F74D5227F157780065B6B5 /* Resources */,
			);
			buildRules = (
			);
			dependencies = (
				84F74D5627F157780065B6B5 /* PBXTargetDependency */,
			);
			name = OcDemoUITests;
			productName = OcDemoUITests;
			productReference = 84F74D5427F157780065B6B5 /* OcDemoUITests.xctest */;
			productType = "com.apple.product-type.bundle.ui-testing";
		};
/* End PBXNativeTarget section */

/* Begin PBXProject section */
		84F74D2727F157760065B6B5 /* Project object */ = {
			isa = PBXProject;
			attributes = {
				BuildIndependentTargetsInParallel = 1;
				LastUpgradeCheck = 1330;
				TargetAttributes = {
					84F74D2E27F157760065B6B5 = {
						CreatedOnToolsVersion = 13.3;
					};
					84F74D4927F157780065B6B5 = {
						CreatedOnToolsVersion = 13.3;
						TestTargetID = 84F74D2E27F157760065B6B5;
					};
					84F74D5327F157780065B6B5 = {
						CreatedOnToolsVersion = 13.3;
						TestTargetID = 84F74D2E27F157760065B6B5;
					};
				};
			};
			buildConfigurationList = 84F74D2A27F157760065B6B5 /* Build configuration list for PBXProject "OcDemo" */;
			compatibilityVersion = "Xcode 13.0";
			developmentRegion = en;
			hasScannedForEncodings = 0;
			knownRegions = (
				en,
				Base,
			);
			mainGroup = 84F74D2627F157760065B6B5;
			productRefGroup = 84F74D3027F157760065B6B5 /* Products */;
			projectDirPath = "";
			projectRoot = "";
			targets = (
				84F74D2E27F157760065B6B5 /* OcDemo */,
				84F74D4927F157780065B6B5 /* OcDemoTests */,
				84F74D5327F157780065B6B5 /* OcDemoUITests */,
			);
		};
/* End PBXProject section */

/* Begin PBXResourcesBuildPhase section */
		84F74D2D27F157760065B6B5 /* Resources */ = {
			isa = PBXResourcesBuildPhase;
			buildActionMask = 2147483647;
			files = (
				84F74D4227F157780065B6B5 /* LaunchScreen.storyboard in Resources */,
				84F74D3F27F157780065B6B5 /* Assets.xcassets in Resources */,
				84F74D3D27F157760065B6B5 /* Main.storyboard in Resources */,
			);
			runOnlyForDeploymentPostprocessing = 0;
		};
		84F74D4827F157780065B6B5 /* Resources */ = {
			isa = PBXResourcesBuildPhase;
			buildActionMask = 2147483647;
			files = (
			);
			runOnlyForDeploymentPostprocessing = 0;
		};
		84F74D5227F157780065B6B5 /* Resources */ = {
			isa = PBXResourcesBuildPhase;
			buildActionMask = 2147483647;
			files = (
			);
			runOnlyForDeploymentPostprocessing = 0;
		};
/* End PBXResourcesBuildPhase section */

/* Begin PBXSourcesBuildPhase section */
		84F74D2B27F157760065B6B5 /* Sources */ = {
			isa = PBXSourcesBuildPhase;
			buildActionMask = 2147483647;
			files = (
				84F74D3A27F157760065B6B5 /* ViewController.m in Sources */,
				84F74D3427F157760065B6B5 /* AppDelegate.m in Sources */,
				84F74D4527F157780065B6B5 /* main.m in Sources */,
				84F74D3727F157760065B6B5 /* SceneDelegate.m in Sources */,
			);
			runOnlyForDeploymentPostprocessing = 0;
		};
		84F74D4627F157780065B6B5 /* Sources */ = {
			isa = PBXSourcesBuildPhase;
			buildActionMask = 2147483647;
			files = (
				84F74D4F27F157780065B6B5 /* OcDemoTests.m in Sources */,
			);
			runOnlyForDeploymentPostprocessing = 0;
		};
		84F74D5027F157780065B6B5 /* Sources */ = {
			isa = PBXSourcesBuildPhase;
			buildActionMask = 2147483647;
			files = (
				84F74D5927F157780065B6B5 /* OcDemoUITests.m in Sources */,
				84F74D5B27F157780065B6B5 /* OcDemoUITestsLaunchTests.m in Sources */,
			);
			runOnlyForDeploymentPostprocessing = 0;
		};
/* End PBXSourcesBuildPhase section */

/* Begin PBXTargetDependency section */
		84F74D4C27F157780065B6B5 /* PBXTargetDependency */ = {
			isa = PBXTargetDependency;
			target = 84F74D2E27F157760065B6B5 /* OcDemo */;
			targetProxy = 84F74D4B27F157780065B6B5 /* PBXContainerItemProxy */;
		};
		84F74D5627F157780065B6B5 /* PBXTargetDependency */ = {
			isa = PBXTargetDependency;
			target = 84F74D2E27F157760065B6B5 /* OcDemo */;
			targetProxy = 84F74D5527F157780065B6B5 /* PBXContainerItemProxy */;
		};
/* End PBXTargetDependency section */

/* Begin PBXVariantGroup section */
		84F74D3B27F157760065B6B5 /* Main.storyboard */ = {
			isa = PBXVariantGroup;
			children = (
				84F74D3C27F157760065B6B5 /* Base */,
			);
			name = Main.storyboard;
			sourceTree = "<group>";
		};
		84F74D4027F157780065B6B5 /* LaunchScreen.storyboard */ = {
			isa = PBXVariantGroup;
			children = (
				84F74D4127F157780065B6B5 /* Base */,
			);
			name = LaunchScreen.storyboard;
			sourceTree = "<group>";
		};
/* End PBXVariantGroup section */

/* Begin XCBuildConfiguration section */
		84F74D5C27F157780065B6B5 /* Debug */ = {
			isa = XCBuildConfiguration;
			buildSettings = {
				ALWAYS_SEARCH_USER_PATHS = NO;
				CLANG_ANALYZER_NONNULL = YES;
				CLANG_ANALYZER_NUMBER_OBJECT_CONVERSION = YES_AGGRESSIVE;
				CLANG_CXX_LANGUAGE_STANDARD = "gnu++17";
				CLANG_ENABLE_MODULES = YES;
				CLANG_ENABLE_OBJC_ARC = YES;
				CLANG_ENABLE_OBJC_WEAK = YES;
				CLANG_WARN_BLOCK_CAPTURE_AUTORELEASING = YES;
				CLANG_WARN_BOOL_CONVERSION = YES;
				CLANG_WARN_COMMA = YES;
				CLANG_WARN_CONSTANT_CONVERSION = YES;
				CLANG_WARN_DEPRECATED_OBJC_IMPLEMENTATIONS = YES;
				CLANG_WARN_DIRECT_OBJC_ISA_USAGE = YES_ERROR;
				CLANG_WARN_DOCUMENTATION_COMMENTS = YES;
				CLANG_WARN_EMPTY_BODY = YES;
				CLANG_WARN_ENUM_CONVERSION = YES;
				CLANG_WARN_INFINITE_RECURSION = YES;
				CLANG_WARN_INT_CONVERSION = YES;
				CLANG_WARN_NON_LITERAL_NULL_CONVERSION = YES;
				CLANG_WARN_OBJC_IMPLICIT_RETAIN_SELF = YES;
				CLANG_WARN_OBJC_LITERAL_CONVERSION = YES;
				CLANG_WARN_OBJC_ROOT_CLASS = YES_ERROR;
				CLANG_WARN_QUOTED_INCLUDE_IN_FRAMEWORK_HEADER = YES;
				CLANG_WARN_RANGE_LOOP_ANALYSIS = YES;
				CLANG_WARN_STRICT_PROTOTYPES = YES;
				CLANG_WARN_SUSPICIOUS_MOVE = YES;
				CLANG_WARN_UNGUARDED_AVAILABILITY = YES_AGGRESSIVE;
				CLANG_WARN_UNREACHABLE_CODE = YES;
				CLANG_WARN__DUPLICATE_METHOD_MATCH = YES;
				COPY_PHASE_STRIP = NO;
				DEBUG_INFORMATION_FORMAT = dwarf;
				ENABLE_STRICT_OBJC_MSGSEND = YES;
				ENABLE_TESTABILITY = YES;
				GCC_C_LANGUAGE_STANDARD = gnu11;
				GCC_DYNAMIC_NO_PIC = NO;
				GCC_NO_COMMON_BLOCKS = YES;
				GCC_OPTIMIZATION_LEVEL = 0;
				GCC_PREPROCESSOR_DEFINITIONS = (
					"DEBUG=1",
					"$(inherited)",
				);
				GCC_WARN_64_TO_32_BIT_CONVERSION = YES;
				GCC_WARN_ABOUT_RETURN_TYPE = YES_ERROR;
				GCC_WARN_UNDECLARED_SELECTOR = YES;
				GCC_WARN_UNINITIALIZED_AUTOS = YES_AGGRESSIVE;
				GCC_WARN_UNUSED_FUNCTION = YES;
				GCC_WARN_UNUSED_VARIABLE = YES;
				IPHONEOS_DEPLOYMENT_TARGET = 15.4;
				MTL_ENABLE_DEBUG_INFO = INCLUDE_SOURCE;
				MTL_FAST_MATH = YES;
				ONLY_ACTIVE_ARCH = YES;
				SDKROOT = iphoneos;
			};
			name = Debug;
		};
		84F74D5D27F157780065B6B5 /* Release */ = {
			isa = XCBuildConfiguration;
			buildSettings = {
				ALWAYS_SEARCH_USER_PATHS = NO;
				CLANG_ANALYZER_NONNULL = YES;
				CLANG_ANALYZER_NUMBER_OBJECT_CONVERSION = YES_AGGRESSIVE;
				CLANG_CXX_LANGUAGE_STANDARD = "gnu++17";
				CLANG_ENABLE_MODULES = YES;
				CLANG_ENABLE_OBJC_ARC = YES;
				CLANG_ENABLE_OBJC_WEAK = YES;
				CLANG_WARN_BLOCK_CAPTURE_AUTORELEASING = YES;
				CLANG_WARN_BOOL_CONVERSION = YES;
				CLANG_WARN_COMMA = YES;
				CLANG_WARN_CONSTANT_CONVERSION = YES;
				CLANG_WARN_DEPRECATED_OBJC_IMPLEMENTATIONS = YES;
				CLANG_WARN_DIRECT_OBJC_ISA_USAGE = YES_ERROR;
				CLANG_WARN_DOCUMENTATION_COMMENTS = YES;
				CLANG_WARN_EMPTY_BODY = YES;
				CLANG_WARN_ENUM_CONVERSION = YES;
				CLANG_WARN_INFINITE_RECURSION = YES;
				CLANG_WARN_INT_CONVERSION = YES;
				CLANG_WARN_NON_LITERAL_NULL_CONVERSION = YES;
				CLANG_WARN_OBJC_IMPLICIT_RETAIN_SELF = YES;
				CLANG_WARN_OBJC_LITERAL_CONVERSION = YES;
				CLANG_WARN_OBJC_ROOT_CLASS = YES_ERROR;
				CLANG_WARN_QUOTED_INCLUDE_IN_FRAMEWORK_HEADER = YES;
				CLANG_WARN_RANGE_LOOP_ANALYSIS = YES;
				CLANG_WARN_STRICT_PROTOTYPES = YES;
				CLANG_WARN_SUSPICIOUS_MOVE = YES;
				CLANG_WARN_UNGUARDED_AVAILABILITY = YES_AGGRESSIVE;
				CLANG_WARN_UNREACHABLE_CODE = YES;
				CLANG_WARN__DUPLICATE_METHOD_MATCH = YES;
				COPY_PHASE_STRIP = NO;
				DEBUG_INFORMATION_FORMAT = "dwarf-with-dsym";
				ENABLE_NS_ASSERTIONS = NO;
				ENABLE_STRICT_OBJC_MSGSEND = YES;
				GCC_C_LANGUAGE_STANDARD = gnu11;
				GCC_NO_COMMON_BLOCKS = YES;
				GCC_WARN_64_TO_32_BIT_CONVERSION = YES;
				GCC_WARN_ABOUT_RETURN_TYPE = YES_ERROR;
				GCC_WARN_UNDECLARED_SELECTOR = YES;
				GCC_WARN_UNINITIALIZED_AUTOS = YES_AGGRESSIVE;
				GCC_WARN_UNUSED_FUNCTION = YES;
				GCC_WARN_UNUSED_VARIABLE = YES;
				IPHONEOS_DEPLOYMENT_TARGET = 15.4;
				MTL_ENABLE_DEBUG_INFO = NO;
				MTL_FAST_MATH = YES;
				SDKROOT = iphoneos;
				VALIDATE_PRODUCT = YES;
			};
			name = Release;
		};
		84F74D5F27F157780065B6B5 /* Debug */ = {
			isa = XCBuildConfiguration;
			buildSettings = {
				ASSETCATALOG_COMPILER_APPICON_NAME = AppIcon;
				ASSETCATALOG_COMPILER_GLOBAL_ACCENT_COLOR_NAME = AccentColor;
				CODE_SIGN_STYLE = Automatic;
				CURRENT_PROJECT_VERSION = 1;
				DEVELOPMENT_TEAM = 9DA4NCX85L;
				GENERATE_INFOPLIST_FILE = YES;
				INFOPLIST_FILE = OcDemo/Info.plist;
				INFOPLIST_KEY_UIApplicationSupportsIndirectInputEvents = YES;
				INFOPLIST_KEY_UILaunchStoryboardName = LaunchScreen;
				INFOPLIST_KEY_UIMainStoryboardFile = Main;
				INFOPLIST_KEY_UISupportedInterfaceOrientations_iPad = "UIInterfaceOrientationPortrait UIInterfaceOrientationPortraitUpsideDown UIInterfaceOrientationLandscapeLeft UIInterfaceOrientationLandscapeRight";
				INFOPLIST_KEY_UISupportedInterfaceOrientations_iPhone = "UIInterfaceOrientationPortrait UIInterfaceOrientationLandscapeLeft UIInterfaceOrientationLandscapeRight";
				LD_RUNPATH_SEARCH_PATHS = (
					"$(inherited)",
					"@executable_path/Frameworks",
				);
				MARKETING_VERSION = 1.0;
				PRODUCT_BUNDLE_IDENTIFIER = zhouying.OcDemo;
				PRODUCT_NAME = "$(TARGET_NAME)";
				SWIFT_EMIT_LOC_STRINGS = YES;
				TARGETED_DEVICE_FAMILY = "1,2";
			};
			name = Debug;
		};
		84F74D6027F157780065B6B5 /* Release */ = {
			isa = XCBuildConfiguration;
			buildSettings = {
				ASSETCATALOG_COMPILER_APPICON_NAME = AppIcon;
				ASSETCATALOG_COMPILER_GLOBAL_ACCENT_COLOR_NAME = AccentColor;
				CODE_SIGN_STYLE = Automatic;
				CURRENT_PROJECT_VERSION = 1;
				DEVELOPMENT_TEAM = 9DA4NCX85L;
				GENERATE_INFOPLIST_FILE = YES;
				INFOPLIST_FILE = OcDemo/Info.plist;
				INFOPLIST_KEY_UIApplicationSupportsIndirectInputEvents = YES;
				INFOPLIST_KEY_UILaunchStoryboardName = LaunchScreen;
				INFOPLIST_KEY_UIMainStoryboardFile = Main;
				INFOPLIST_KEY_UISupportedInterfaceOrientations_iPad = "UIInterfaceOrientationPortrait UIInterfaceOrientationPortraitUpsideDown UIInterfaceOrientationLandscapeLeft UIInterfaceOrientationLandscapeRight";
				INFOPLIST_KEY_UISupportedInterfaceOrientations_iPhone = "UIInterfaceOrientationPortrait UIInterfaceOrientationLandscapeLeft UIInterfaceOrientationLandscapeRight";
				LD_RUNPATH_SEARCH_PATHS = (
					"$(inherited)",
					"@executable_path/Frameworks",
				);
				MARKETING_VERSION = 1.0;
				PRODUCT_BUNDLE_IDENTIFIER = zhouying.OcDemo;
				PRODUCT_NAME = "$(TARGET_NAME)";
				SWIFT_EMIT_LOC_STRINGS = YES;
				TARGETED_DEVICE_FAMILY = "1,2";
			};
			name = Release;
		};
		84F74D6227F157780065B6B5 /* Debug */ = {
			isa = XCBuildConfiguration;
			buildSettings = {
				BUNDLE_LOADER = "$(TEST_HOST)";
				CODE_SIGN_STYLE = Automatic;
				CURRENT_PROJECT_VERSION = 1;
				DEVELOPMENT_TEAM = 9DA4NCX85L;
				GENERATE_INFOPLIST_FILE = YES;
				IPHONEOS_DEPLOYMENT_TARGET = 15.4;
				MARKETING_VERSION = 1.0;
				PRODUCT_BUNDLE_IDENTIFIER = zhouying.OcDemoTests;
				PRODUCT_NAME = "$(TARGET_NAME)";
				SWIFT_EMIT_LOC_STRINGS = NO;
				TARGETED_DEVICE_FAMILY = "1,2";
				TEST_HOST = "$(BUILT_PRODUCTS_DIR)/OcDemo.app/OcDemo";
			};
			name = Debug;
		};
		84F74D6327F157780065B6B5 /* Release */ = {
			isa = XCBuildConfiguration;
			buildSettings = {
				BUNDLE_LOADER = "$(TEST_HOST)";
				CODE_SIGN_STYLE = Automatic;
				CURRENT_PROJECT_VERSION = 1;
				DEVELOPMENT_TEAM = 9DA4NCX85L;
				GENERATE_INFOPLIST_FILE = YES;
				IPHONEOS_DEPLOYMENT_TARGET = 15.4;
				MARKETING_VERSION = 1.0;
				PRODUCT_BUNDLE_IDENTIFIER = zhouying.OcDemoTests;
				PRODUCT_NAME = "$(TARGET_NAME)";
				SWIFT_EMIT_LOC_STRINGS = NO;
				TARGETED_DEVICE_FAMILY = "1,2";
				TEST_HOST = "$(BUILT_PRODUCTS_DIR)/OcDemo.app/OcDemo";
			};
			name = Release;
		};
		84F74D6527F157780065B6B5 /* Debug */ = {
			isa = XCBuildConfiguration;
			buildSettings = {
				CODE_SIGN_STYLE = Automatic;
				CURRENT_PROJECT_VERSION = 1;
				DEVELOPMENT_TEAM = 9DA4NCX85L;
				GENERATE_INFOPLIST_FILE = YES;
				MARKETING_VERSION = 1.0;
				PRODUCT_BUNDLE_IDENTIFIER = zhouying.OcDemoUITests;
				PRODUCT_NAME = "$(TARGET_NAME)";
				SWIFT_EMIT_LOC_STRINGS = NO;
				TARGETED_DEVICE_FAMILY = "1,2";
				TEST_TARGET_NAME = OcDemo;
			};
			name = Debug;
		};
		84F74D6627F157780065B6B5 /* Release */ = {
			isa = XCBuildConfiguration;
			buildSettings = {
				CODE_SIGN_STYLE = Automatic;
				CURRENT_PROJECT_VERSION = 1;
				DEVELOPMENT_TEAM = 9DA4NCX85L;
				GENERATE_INFOPLIST_FILE = YES;
				MARKETING_VERSION = 1.0;
				PRODUCT_BUNDLE_IDENTIFIER = zhouying.OcDemoUITests;
				PRODUCT_NAME = "$(TARGET_NAME)";
				SWIFT_EMIT_LOC_STRINGS = NO;
				TARGETED_DEVICE_FAMILY = "1,2";
				TEST_TARGET_NAME = OcDemo;
			};
			name = Release;
		};
/* End XCBuildConfiguration section */

/* Begin XCConfigurationList section */
		84F74D2A27F157760065B6B5 /* Build configuration list for PBXProject "OcDemo" */ = {
			isa = XCConfigurationList;
			buildConfigurations = (
				84F74D5C27F157780065B6B5 /* Debug */,
				84F74D5D27F157780065B6B5 /* Release */,
			);
			defaultConfigurationIsVisible = 0;
			defaultConfigurationName = Release;
		};
		84F74D5E27F157780065B6B5 /* Build configuration list for PBXNativeTarget "OcDemo" */ = {
			isa = XCConfigurationList;
			buildConfigurations = (
				84F74D5F27F157780065B6B5 /* Debug */,
				84F74D6027F157780065B6B5 /* Release */,
			);
			defaultConfigurationIsVisible = 0;
			defaultConfigurationName = Release;
		};
		84F74D6127F157780065B6B5 /* Build configuration list for PBXNativeTarget "OcDemoTests" */ = {
			isa = XCConfigurationList;
			buildConfigurations = (
				84F74D6227F157780065B6B5 /* Debug */,
				84F74D6327F157780065B6B5 /* Release */,
			);
			defaultConfigurationIsVisible = 0;
			defaultConfigurationName = Release;
		};
		84F74D6427F157780065B6B5 /* Build configuration list for PBXNativeTarget "OcDemoUITests" */ = {
			isa = XCConfigurationList;
			buildConfigurations = (
				84F74D6527F157780065B6B5 /* Debug */,
				84F74D6627F157780065B6B5 /* Release */,
			);
			defaultConfigurationIsVisible = 0;
			defaultConfigurationName = Release;
		};
/* End XCConfigurationList section */
	};
	rootObject = 84F74D2727F157760065B6B5 /* Project object */;
}
