// !$*UTF8*$!
{
	archiveVersion = 1;
	classes = {
	};
	objectVersion = 55;
	objects = {

/* Begin PBXBuildFile section */
		8454FE96280FEC7C00A18D1F /* AppDelegate.swift in Sources */ = {isa = PBXBuildFile; fileRef = 8454FE95280FEC7C00A18D1F /* AppDelegate.swift */; };
		8454FE98280FEC7C00A18D1F /* SceneDelegate.swift in Sources */ = {isa = PBXBuildFile; fileRef = 8454FE97280FEC7C00A18D1F /* SceneDelegate.swift */; };
		8454FE9A280FEC7C00A18D1F /* ViewController.swift in Sources */ = {isa = PBXBuildFile; fileRef = 8454FE99280FEC7C00A18D1F /* ViewController.swift */; };
		8454FE9F280FEC7D00A18D1F /* Assets.xcassets in Resources */ = {isa = PBXBuildFile; fileRef = 8454FE9E280FEC7D00A18D1F /* Assets.xcassets */; };
		8454FEA2280FEC7D00A18D1F /* LaunchScreen.storyboard in Resources */ = {isa = PBXBuildFile; fileRef = 8454FEA0280FEC7D00A18D1F /* LaunchScreen.storyboard */; };
		8454FEAD280FEC7D00A18D1F /* FTTradeSwiftDemo5Tests.swift in Sources */ = {isa = PBXBuildFile; fileRef = 8454FEAC280FEC7D00A18D1F /* FTTradeSwiftDemo5Tests.swift */; };
		8454FEB7280FEC7D00A18D1F /* FTTradeSwiftDemo5UITests.swift in Sources */ = {isa = PBXBuildFile; fileRef = 8454FEB6280FEC7D00A18D1F /* FTTradeSwiftDemo5UITests.swift */; };
		8454FEB9280FEC7D00A18D1F /* FTTradeSwiftDemo5UITestsLaunchTests.swift in Sources */ = {isa = PBXBuildFile; fileRef = 8454FEB8280FEC7D00A18D1F /* FTTradeSwiftDemo5UITestsLaunchTests.swift */; };
		8454FEC6280FED1C00A18D1F /* Card.swift in Sources */ = {isa = PBXBuildFile; fileRef = 8454FEC5280FED1C00A18D1F /* Card.swift */; };
		8454FECA280FED4500A18D1F /* ContentView.swift in Sources */ = {isa = PBXBuildFile; fileRef = 8454FEC9280FED4500A18D1F /* ContentView.swift */; };
		8454FECC280FEE9800A18D1F /* CardView.swift in Sources */ = {isa = PBXBuildFile; fileRef = 8454FECB280FEE9800A18D1F /* CardView.swift */; };
/* End PBXBuildFile section */

/* Begin PBXContainerItemProxy section */
		8454FEA9280FEC7D00A18D1F /* PBXContainerItemProxy */ = {
			isa = PBXContainerItemProxy;
			containerPortal = 8454FE8A280FEC7C00A18D1F /* Project object */;
			proxyType = 1;
			remoteGlobalIDString = 8454FE91280FEC7C00A18D1F;
			remoteInfo = FTTradeSwiftDemo5;
		};
		8454FEB3280FEC7D00A18D1F /* PBXContainerItemProxy */ = {
			isa = PBXContainerItemProxy;
			containerPortal = 8454FE8A280FEC7C00A18D1F /* Project object */;
			proxyType = 1;
			remoteGlobalIDString = 8454FE91280FEC7C00A18D1F;
			remoteInfo = FTTradeSwiftDemo5;
		};
/* End PBXContainerItemProxy section */

/* Begin PBXFileReference section */
		8454FE92280FEC7C00A18D1F /* FTTradeSwiftDemo5.app */ = {isa = PBXFileReference; explicitFileType = wrapper.application; includeInIndex = 0; path = FTTradeSwiftDemo5.app; sourceTree = BUILT_PRODUCTS_DIR; };
		8454FE95280FEC7C00A18D1F /* AppDelegate.swift */ = {isa = PBXFileReference; lastKnownFileType = sourcecode.swift; path = AppDelegate.swift; sourceTree = "<group>"; };
		8454FE97280FEC7C00A18D1F /* SceneDelegate.swift */ = {isa = PBXFileReference; lastKnownFileType = sourcecode.swift; path = SceneDelegate.swift; sourceTree = "<group>"; };
		8454FE99280FEC7C00A18D1F /* ViewController.swift */ = {isa = PBXFileReference; lastKnownFileType = sourcecode.swift; path = ViewController.swift; sourceTree = "<group>"; };
		8454FE9E280FEC7D00A18D1F /* Assets.xcassets */ = {isa = PBXFileReference; lastKnownFileType = folder.assetcatalog; path = Assets.xcassets; sourceTree = "<group>"; };
		8454FEA1280FEC7D00A18D1F /* Base */ = {isa = PBXFileReference; lastKnownFileType = file.storyboard; name = Base; path = Base.lproj/LaunchScreen.storyboard; sourceTree = "<group>"; };
		8454FEA3280FEC7D00A18D1F /* Info.plist */ = {isa = PBXFileReference; lastKnownFileType = text.plist.xml; path = Info.plist; sourceTree = "<group>"; };
		8454FEA8280FEC7D00A18D1F /* FTTradeSwiftDemo5Tests.xctest */ = {isa = PBXFileReference; explicitFileType = wrapper.cfbundle; includeInIndex = 0; path = FTTradeSwiftDemo5Tests.xctest; sourceTree = BUILT_PRODUCTS_DIR; };
		8454FEAC280FEC7D00A18D1F /* FTTradeSwiftDemo5Tests.swift */ = {isa = PBXFileReference; lastKnownFileType = sourcecode.swift; path = FTTradeSwiftDemo5Tests.swift; sourceTree = "<group>"; };
		8454FEB2280FEC7D00A18D1F /* FTTradeSwiftDemo5UITests.xctest */ = {isa = PBXFileReference; explicitFileType = wrapper.cfbundle; includeInIndex = 0; path = FTTradeSwiftDemo5UITests.xctest; sourceTree = BUILT_PRODUCTS_DIR; };
		8454FEB6280FEC7D00A18D1F /* FTTradeSwiftDemo5UITests.swift */ = {isa = PBXFileReference; lastKnownFileType = sourcecode.swift; path = FTTradeSwiftDemo5UITests.swift; sourceTree = "<group>"; };
		8454FEB8280FEC7D00A18D1F /* FTTradeSwiftDemo5UITestsLaunchTests.swift */ = {isa = PBXFileReference; lastKnownFileType = sourcecode.swift; path = FTTradeSwiftDemo5UITestsLaunchTests.swift; sourceTree = "<group>"; };
		8454FEC5280FED1C00A18D1F /* Card.swift */ = {isa = PBXFileReference; lastKnownFileType = sourcecode.swift; path = Card.swift; sourceTree = "<group>"; };
		8454FEC9280FED4500A18D1F /* ContentView.swift */ = {isa = PBXFileReference; lastKnownFileType = sourcecode.swift; path = ContentView.swift; sourceTree = "<group>"; };
		8454FECB280FEE9800A18D1F /* CardView.swift */ = {isa = PBXFileReference; lastKnownFileType = sourcecode.swift; path = CardView.swift; sourceTree = "<group>"; };
/* End PBXFileReference section */

/* Begin PBXFrameworksBuildPhase section */
		8454FE8F280FEC7C00A18D1F /* Frameworks */ = {
			isa = PBXFrameworksBuildPhase;
			buildActionMask = 2147483647;
			files = (
			);
			runOnlyForDeploymentPostprocessing = 0;
		};
		8454FEA5280FEC7D00A18D1F /* Frameworks */ = {
			isa = PBXFrameworksBuildPhase;
			buildActionMask = 2147483647;
			files = (
			);
			runOnlyForDeploymentPostprocessing = 0;
		};
		8454FEAF280FEC7D00A18D1F /* Frameworks */ = {
			isa = PBXFrameworksBuildPhase;
			buildActionMask = 2147483647;
			files = (
			);
			runOnlyForDeploymentPostprocessing = 0;
		};
/* End PBXFrameworksBuildPhase section */

/* Begin PBXGroup section */
		8454FE89280FEC7C00A18D1F = {
			isa = PBXGroup;
			children = (
				8454FE94280FEC7C00A18D1F /* FTTradeSwiftDemo5 */,
				8454FEAB280FEC7D00A18D1F /* FTTradeSwiftDemo5Tests */,
				8454FEB5280FEC7D00A18D1F /* FTTradeSwiftDemo5UITests */,
				8454FE93280FEC7C00A18D1F /* Products */,
			);
			sourceTree = "<group>";
		};
		8454FE93280FEC7C00A18D1F /* Products */ = {
			isa = PBXGroup;
			children = (
				8454FE92280FEC7C00A18D1F /* FTTradeSwiftDemo5.app */,
				8454FEA8280FEC7D00A18D1F /* FTTradeSwiftDemo5Tests.xctest */,
				8454FEB2280FEC7D00A18D1F /* FTTradeSwiftDemo5UITests.xctest */,
			);
			name = Products;
			sourceTree = "<group>";
		};
		8454FE94280FEC7C00A18D1F /* FTTradeSwiftDemo5 */ = {
			isa = PBXGroup;
			children = (
				8454FE95280FEC7C00A18D1F /* AppDelegate.swift */,
				8454FE97280FEC7C00A18D1F /* SceneDelegate.swift */,
				8454FE99280FEC7C00A18D1F /* ViewController.swift */,
				8454FE9E280FEC7D00A18D1F /* Assets.xcassets */,
				8454FEA0280FEC7D00A18D1F /* LaunchScreen.storyboard */,
				8454FEA3280FEC7D00A18D1F /* Info.plist */,
				8454FEC5280FED1C00A18D1F /* Card.swift */,
				8454FEC9280FED4500A18D1F /* ContentView.swift */,
				8454FECB280FEE9800A18D1F /* CardView.swift */,
			);
			path = FTTradeSwiftDemo5;
			sourceTree = "<group>";
		};
		8454FEAB280FEC7D00A18D1F /* FTTradeSwiftDemo5Tests */ = {
			isa = PBXGroup;
			children = (
				8454FEAC280FEC7D00A18D1F /* FTTradeSwiftDemo5Tests.swift */,
			);
			path = FTTradeSwiftDemo5Tests;
			sourceTree = "<group>";
		};
		8454FEB5280FEC7D00A18D1F /* FTTradeSwiftDemo5UITests */ = {
			isa = PBXGroup;
			children = (
				8454FEB6280FEC7D00A18D1F /* FTTradeSwiftDemo5UITests.swift */,
				8454FEB8280FEC7D00A18D1F /* FTTradeSwiftDemo5UITestsLaunchTests.swift */,
			);
			path = FTTradeSwiftDemo5UITests;
			sourceTree = "<group>";
		};
/* End PBXGroup section */

/* Begin PBXNativeTarget section */
		8454FE91280FEC7C00A18D1F /* FTTradeSwiftDemo5 */ = {
			isa = PBXNativeTarget;
			buildConfigurationList = 8454FEBC280FEC7D00A18D1F /* Build configuration list for PBXNativeTarget "FTTradeSwiftDemo5" */;
			buildPhases = (
				8454FE8E280FEC7C00A18D1F /* Sources */,
				8454FE8F280FEC7C00A18D1F /* Frameworks */,
				8454FE90280FEC7C00A18D1F /* Resources */,
			);
			buildRules = (
			);
			dependencies = (
			);
			name = FTTradeSwiftDemo5;
			productName = FTTradeSwiftDemo5;
			productReference = 8454FE92280FEC7C00A18D1F /* FTTradeSwiftDemo5.app */;
			productType = "com.apple.product-type.application";
		};
		8454FEA7280FEC7D00A18D1F /* FTTradeSwiftDemo5Tests */ = {
			isa = PBXNativeTarget;
			buildConfigurationList = 8454FEBF280FEC7D00A18D1F /* Build configuration list for PBXNativeTarget "FTTradeSwiftDemo5Tests" */;
			buildPhases = (
				8454FEA4280FEC7D00A18D1F /* Sources */,
				8454FEA5280FEC7D00A18D1F /* Frameworks */,
				8454FEA6280FEC7D00A18D1F /* Resources */,
			);
			buildRules = (
			);
			dependencies = (
				8454FEAA280FEC7D00A18D1F /* PBXTargetDependency */,
			);
			name = FTTradeSwiftDemo5Tests;
			productName = FTTradeSwiftDemo5Tests;
			productReference = 8454FEA8280FEC7D00A18D1F /* FTTradeSwiftDemo5Tests.xctest */;
			productType = "com.apple.product-type.bundle.unit-test";
		};
		8454FEB1280FEC7D00A18D1F /* FTTradeSwiftDemo5UITests */ = {
			isa = PBXNativeTarget;
			buildConfigurationList = 8454FEC2280FEC7D00A18D1F /* Build configuration list for PBXNativeTarget "FTTradeSwiftDemo5UITests" */;
			buildPhases = (
				8454FEAE280FEC7D00A18D1F /* Sources */,
				8454FEAF280FEC7D00A18D1F /* Frameworks */,
				8454FEB0280FEC7D00A18D1F /* Resources */,
			);
			buildRules = (
			);
			dependencies = (
				8454FEB4280FEC7D00A18D1F /* PBXTargetDependency */,
			);
			name = FTTradeSwiftDemo5UITests;
			productName = FTTradeSwiftDemo5UITests;
			productReference = 8454FEB2280FEC7D00A18D1F /* FTTradeSwiftDemo5UITests.xctest */;
			productType = "com.apple.product-type.bundle.ui-testing";
		};
/* End PBXNativeTarget section */

/* Begin PBXProject section */
		8454FE8A280FEC7C00A18D1F /* Project object */ = {
			isa = PBXProject;
			attributes = {
				BuildIndependentTargetsInParallel = 1;
				LastSwiftUpdateCheck = 1330;
				LastUpgradeCheck = 1330;
				TargetAttributes = {
					8454FE91280FEC7C00A18D1F = {
						CreatedOnToolsVersion = 13.3;
					};
					8454FEA7280FEC7D00A18D1F = {
						CreatedOnToolsVersion = 13.3;
						TestTargetID = 8454FE91280FEC7C00A18D1F;
					};
					8454FEB1280FEC7D00A18D1F = {
						CreatedOnToolsVersion = 13.3;
						TestTargetID = 8454FE91280FEC7C00A18D1F;
					};
				};
			};
			buildConfigurationList = 8454FE8D280FEC7C00A18D1F /* Build configuration list for PBXProject "FTTradeSwiftDemo5" */;
			compatibilityVersion = "Xcode 13.0";
			developmentRegion = en;
			hasScannedForEncodings = 0;
			knownRegions = (
				en,
				Base,
			);
			mainGroup = 8454FE89280FEC7C00A18D1F;
			productRefGroup = 8454FE93280FEC7C00A18D1F /* Products */;
			projectDirPath = "";
			projectRoot = "";
			targets = (
				8454FE91280FEC7C00A18D1F /* FTTradeSwiftDemo5 */,
				8454FEA7280FEC7D00A18D1F /* FTTradeSwiftDemo5Tests */,
				8454FEB1280FEC7D00A18D1F /* FTTradeSwiftDemo5UITests */,
			);
		};
/* End PBXProject section */

/* Begin PBXResourcesBuildPhase section */
		8454FE90280FEC7C00A18D1F /* Resources */ = {
			isa = PBXResourcesBuildPhase;
			buildActionMask = 2147483647;
			files = (
				8454FEA2280FEC7D00A18D1F /* LaunchScreen.storyboard in Resources */,
				8454FE9F280FEC7D00A18D1F /* Assets.xcassets in Resources */,
			);
			runOnlyForDeploymentPostprocessing = 0;
		};
		8454FEA6280FEC7D00A18D1F /* Resources */ = {
			isa = PBXResourcesBuildPhase;
			buildActionMask = 2147483647;
			files = (
			);
			runOnlyForDeploymentPostprocessing = 0;
		};
		8454FEB0280FEC7D00A18D1F /* Resources */ = {
			isa = PBXResourcesBuildPhase;
			buildActionMask = 2147483647;
			files = (
			);
			runOnlyForDeploymentPostprocessing = 0;
		};
/* End PBXResourcesBuildPhase section */

/* Begin PBXSourcesBuildPhase section */
		8454FE8E280FEC7C00A18D1F /* Sources */ = {
			isa = PBXSourcesBuildPhase;
			buildActionMask = 2147483647;
			files = (
				8454FE9A280FEC7C00A18D1F /* ViewController.swift in Sources */,
				8454FE96280FEC7C00A18D1F /* AppDelegate.swift in Sources */,
				8454FECA280FED4500A18D1F /* ContentView.swift in Sources */,
				8454FE98280FEC7C00A18D1F /* SceneDelegate.swift in Sources */,
				8454FECC280FEE9800A18D1F /* CardView.swift in Sources */,
				8454FEC6280FED1C00A18D1F /* Card.swift in Sources */,
			);
			runOnlyForDeploymentPostprocessing = 0;
		};
		8454FEA4280FEC7D00A18D1F /* Sources */ = {
			isa = PBXSourcesBuildPhase;
			buildActionMask = 2147483647;
			files = (
				8454FEAD280FEC7D00A18D1F /* FTTradeSwiftDemo5Tests.swift in Sources */,
			);
			runOnlyForDeploymentPostprocessing = 0;
		};
		8454FEAE280FEC7D00A18D1F /* Sources */ = {
			isa = PBXSourcesBuildPhase;
			buildActionMask = 2147483647;
			files = (
				8454FEB9280FEC7D00A18D1F /* FTTradeSwiftDemo5UITestsLaunchTests.swift in Sources */,
				8454FEB7280FEC7D00A18D1F /* FTTradeSwiftDemo5UITests.swift in Sources */,
			);
			runOnlyForDeploymentPostprocessing = 0;
		};
/* End PBXSourcesBuildPhase section */

/* Begin PBXTargetDependency section */
		8454FEAA280FEC7D00A18D1F /* PBXTargetDependency */ = {
			isa = PBXTargetDependency;
			target = 8454FE91280FEC7C00A18D1F /* FTTradeSwiftDemo5 */;
			targetProxy = 8454FEA9280FEC7D00A18D1F /* PBXContainerItemProxy */;
		};
		8454FEB4280FEC7D00A18D1F /* PBXTargetDependency */ = {
			isa = PBXTargetDependency;
			target = 8454FE91280FEC7C00A18D1F /* FTTradeSwiftDemo5 */;
			targetProxy = 8454FEB3280FEC7D00A18D1F /* PBXContainerItemProxy */;
		};
/* End PBXTargetDependency section */

/* Begin PBXVariantGroup section */
		8454FEA0280FEC7D00A18D1F /* LaunchScreen.storyboard */ = {
			isa = PBXVariantGroup;
			children = (
				8454FEA1280FEC7D00A18D1F /* Base */,
			);
			name = LaunchScreen.storyboard;
			sourceTree = "<group>";
		};
/* End PBXVariantGroup section */

/* Begin XCBuildConfiguration section */
		8454FEBA280FEC7D00A18D1F /* Debug */ = {
			isa = XCBuildConfiguration;
			buildSettings = {
				ALWAYS_SEARCH_USER_PATHS = NO;
				CLANG_ANALYZER_NONNULL = YES;
				CLANG_ANALYZER_NUMBER_OBJECT_CONVERSION = YES_AGGRESSIVE;
				CLANG_CXX_LANGUAGE_STANDARD = "gnu++17";
				CLANG_ENABLE_MODULES = YES;
				CLANG_ENABLE_OBJC_ARC = YES;
				CLANG_ENABLE_OBJC_WEAK = YES;
				CLANG_WARN_BLOCK_CAPTURE_AUTORELEASING = YES;
				CLANG_WARN_BOOL_CONVERSION = YES;
				CLANG_WARN_COMMA = YES;
				CLANG_WARN_CONSTANT_CONVERSION = YES;
				CLANG_WARN_DEPRECATED_OBJC_IMPLEMENTATIONS = YES;
				CLANG_WARN_DIRECT_OBJC_ISA_USAGE = YES_ERROR;
				CLANG_WARN_DOCUMENTATION_COMMENTS = YES;
				CLANG_WARN_EMPTY_BODY = YES;
				CLANG_WARN_ENUM_CONVERSION = YES;
				CLANG_WARN_INFINITE_RECURSION = YES;
				CLANG_WARN_INT_CONVERSION = YES;
				CLANG_WARN_NON_LITERAL_NULL_CONVERSION = YES;
				CLANG_WARN_OBJC_IMPLICIT_RETAIN_SELF = YES;
				CLANG_WARN_OBJC_LITERAL_CONVERSION = YES;
				CLANG_WARN_OBJC_ROOT_CLASS = YES_ERROR;
				CLANG_WARN_QUOTED_INCLUDE_IN_FRAMEWORK_HEADER = YES;
				CLANG_WARN_RANGE_LOOP_ANALYSIS = YES;
				CLANG_WARN_STRICT_PROTOTYPES = YES;
				CLANG_WARN_SUSPICIOUS_MOVE = YES;
				CLANG_WARN_UNGUARDED_AVAILABILITY = YES_AGGRESSIVE;
				CLANG_WARN_UNREACHABLE_CODE = YES;
				CLANG_WARN__DUPLICATE_METHOD_MATCH = YES;
				COPY_PHASE_STRIP = NO;
				DEBUG_INFORMATION_FORMAT = dwarf;
				ENABLE_STRICT_OBJC_MSGSEND = YES;
				ENABLE_TESTABILITY = YES;
				GCC_C_LANGUAGE_STANDARD = gnu11;
				GCC_DYNAMIC_NO_PIC = NO;
				GCC_NO_COMMON_BLOCKS = YES;
				GCC_OPTIMIZATION_LEVEL = 0;
				GCC_PREPROCESSOR_DEFINITIONS = (
					"DEBUG=1",
					"$(inherited)",
				);
				GCC_WARN_64_TO_32_BIT_CONVERSION = YES;
				GCC_WARN_ABOUT_RETURN_TYPE = YES_ERROR;
				GCC_WARN_UNDECLARED_SELECTOR = YES;
				GCC_WARN_UNINITIALIZED_AUTOS = YES_AGGRESSIVE;
				GCC_WARN_UNUSED_FUNCTION = YES;
				GCC_WARN_UNUSED_VARIABLE = YES;
				IPHONEOS_DEPLOYMENT_TARGET = 15.4;
				MTL_ENABLE_DEBUG_INFO = INCLUDE_SOURCE;
				MTL_FAST_MATH = YES;
				ONLY_ACTIVE_ARCH = YES;
				SDKROOT = iphoneos;
				SWIFT_ACTIVE_COMPILATION_CONDITIONS = DEBUG;
				SWIFT_OPTIMIZATION_LEVEL = "-Onone";
			};
			name = Debug;
		};
		8454FEBB280FEC7D00A18D1F /* Release */ = {
			isa = XCBuildConfiguration;
			buildSettings = {
				ALWAYS_SEARCH_USER_PATHS = NO;
				CLANG_ANALYZER_NONNULL = YES;
				CLANG_ANALYZER_NUMBER_OBJECT_CONVERSION = YES_AGGRESSIVE;
				CLANG_CXX_LANGUAGE_STANDARD = "gnu++17";
				CLANG_ENABLE_MODULES = YES;
				CLANG_ENABLE_OBJC_ARC = YES;
				CLANG_ENABLE_OBJC_WEAK = YES;
				CLANG_WARN_BLOCK_CAPTURE_AUTORELEASING = YES;
				CLANG_WARN_BOOL_CONVERSION = YES;
				CLANG_WARN_COMMA = YES;
				CLANG_WARN_CONSTANT_CONVERSION = YES;
				CLANG_WARN_DEPRECATED_OBJC_IMPLEMENTATIONS = YES;
				CLANG_WARN_DIRECT_OBJC_ISA_USAGE = YES_ERROR;
				CLANG_WARN_DOCUMENTATION_COMMENTS = YES;
				CLANG_WARN_EMPTY_BODY = YES;
				CLANG_WARN_ENUM_CONVERSION = YES;
				CLANG_WARN_INFINITE_RECURSION = YES;
				CLANG_WARN_INT_CONVERSION = YES;
				CLANG_WARN_NON_LITERAL_NULL_CONVERSION = YES;
				CLANG_WARN_OBJC_IMPLICIT_RETAIN_SELF = YES;
				CLANG_WARN_OBJC_LITERAL_CONVERSION = YES;
				CLANG_WARN_OBJC_ROOT_CLASS = YES_ERROR;
				CLANG_WARN_QUOTED_INCLUDE_IN_FRAMEWORK_HEADER = YES;
				CLANG_WARN_RANGE_LOOP_ANALYSIS = YES;
				CLANG_WARN_STRICT_PROTOTYPES = YES;
				CLANG_WARN_SUSPICIOUS_MOVE = YES;
				CLANG_WARN_UNGUARDED_AVAILABILITY = YES_AGGRESSIVE;
				CLANG_WARN_UNREACHABLE_CODE = YES;
				CLANG_WARN__DUPLICATE_METHOD_MATCH = YES;
				COPY_PHASE_STRIP = NO;
				DEBUG_INFORMATION_FORMAT = "dwarf-with-dsym";
				ENABLE_NS_ASSERTIONS = NO;
				ENABLE_STRICT_OBJC_MSGSEND = YES;
				GCC_C_LANGUAGE_STANDARD = gnu11;
				GCC_NO_COMMON_BLOCKS = YES;
				GCC_WARN_64_TO_32_BIT_CONVERSION = YES;
				GCC_WARN_ABOUT_RETURN_TYPE = YES_ERROR;
				GCC_WARN_UNDECLARED_SELECTOR = YES;
				GCC_WARN_UNINITIALIZED_AUTOS = YES_AGGRESSIVE;
				GCC_WARN_UNUSED_FUNCTION = YES;
				GCC_WARN_UNUSED_VARIABLE = YES;
				IPHONEOS_DEPLOYMENT_TARGET = 15.4;
				MTL_ENABLE_DEBUG_INFO = NO;
				MTL_FAST_MATH = YES;
				SDKROOT = iphoneos;
				SWIFT_COMPILATION_MODE = wholemodule;
				SWIFT_OPTIMIZATION_LEVEL = "-O";
				VALIDATE_PRODUCT = YES;
			};
			name = Release;
		};
		8454FEBD280FEC7D00A18D1F /* Debug */ = {
			isa = XCBuildConfiguration;
			buildSettings = {
				ASSETCATALOG_COMPILER_APPICON_NAME = AppIcon;
				ASSETCATALOG_COMPILER_GLOBAL_ACCENT_COLOR_NAME = AccentColor;
				CODE_SIGN_STYLE = Automatic;
				CURRENT_PROJECT_VERSION = 1;
				DEVELOPMENT_TEAM = 9DA4NCX85L;
				GENERATE_INFOPLIST_FILE = YES;
				INFOPLIST_FILE = FTTradeSwiftDemo5/Info.plist;
				INFOPLIST_KEY_UIApplicationSupportsIndirectInputEvents = YES;
				INFOPLIST_KEY_UILaunchStoryboardName = LaunchScreen;
				INFOPLIST_KEY_UISupportedInterfaceOrientations_iPad = "UIInterfaceOrientationPortrait UIInterfaceOrientationPortraitUpsideDown UIInterfaceOrientationLandscapeLeft UIInterfaceOrientationLandscapeRight";
				INFOPLIST_KEY_UISupportedInterfaceOrientations_iPhone = "UIInterfaceOrientationPortrait UIInterfaceOrientationLandscapeLeft UIInterfaceOrientationLandscapeRight";
				LD_RUNPATH_SEARCH_PATHS = (
					"$(inherited)",
					"@executable_path/Frameworks",
				);
				MARKETING_VERSION = 1.0;
				PRODUCT_BUNDLE_IDENTIFIER = zhouying.FTTradeSwiftDemo5;
				PRODUCT_NAME = "$(TARGET_NAME)";
				SWIFT_EMIT_LOC_STRINGS = YES;
				SWIFT_VERSION = 5.0;
				TARGETED_DEVICE_FAMILY = "1,2";
			};
			name = Debug;
		};
		8454FEBE280FEC7D00A18D1F /* Release */ = {
			isa = XCBuildConfiguration;
			buildSettings = {
				ASSETCATALOG_COMPILER_APPICON_NAME = AppIcon;
				ASSETCATALOG_COMPILER_GLOBAL_ACCENT_COLOR_NAME = AccentColor;
				CODE_SIGN_STYLE = Automatic;
				CURRENT_PROJECT_VERSION = 1;
				DEVELOPMENT_TEAM = 9DA4NCX85L;
				GENERATE_INFOPLIST_FILE = YES;
				INFOPLIST_FILE = FTTradeSwiftDemo5/Info.plist;
				INFOPLIST_KEY_UIApplicationSupportsIndirectInputEvents = YES;
				INFOPLIST_KEY_UILaunchStoryboardName = LaunchScreen;
				INFOPLIST_KEY_UISupportedInterfaceOrientations_iPad = "UIInterfaceOrientationPortrait UIInterfaceOrientationPortraitUpsideDown UIInterfaceOrientationLandscapeLeft UIInterfaceOrientationLandscapeRight";
				INFOPLIST_KEY_UISupportedInterfaceOrientations_iPhone = "UIInterfaceOrientationPortrait UIInterfaceOrientationLandscapeLeft UIInterfaceOrientationLandscapeRight";
				LD_RUNPATH_SEARCH_PATHS = (
					"$(inherited)",
					"@executable_path/Frameworks",
				);
				MARKETING_VERSION = 1.0;
				PRODUCT_BUNDLE_IDENTIFIER = zhouying.FTTradeSwiftDemo5;
				PRODUCT_NAME = "$(TARGET_NAME)";
				SWIFT_EMIT_LOC_STRINGS = YES;
				SWIFT_VERSION = 5.0;
				TARGETED_DEVICE_FAMILY = "1,2";
			};
			name = Release;
		};
		8454FEC0280FEC7D00A18D1F /* Debug */ = {
			isa = XCBuildConfiguration;
			buildSettings = {
				ALWAYS_EMBED_SWIFT_STANDARD_LIBRARIES = YES;
				BUNDLE_LOADER = "$(TEST_HOST)";
				CODE_SIGN_STYLE = Automatic;
				CURRENT_PROJECT_VERSION = 1;
				DEVELOPMENT_TEAM = 9DA4NCX85L;
				GENERATE_INFOPLIST_FILE = YES;
				IPHONEOS_DEPLOYMENT_TARGET = 15.4;
				MARKETING_VERSION = 1.0;
				PRODUCT_BUNDLE_IDENTIFIER = zhouying.FTTradeSwiftDemo5Tests;
				PRODUCT_NAME = "$(TARGET_NAME)";
				SWIFT_EMIT_LOC_STRINGS = NO;
				SWIFT_VERSION = 5.0;
				TARGETED_DEVICE_FAMILY = "1,2";
				TEST_HOST = "$(BUILT_PRODUCTS_DIR)/FTTradeSwiftDemo5.app/FTTradeSwiftDemo5";
			};
			name = Debug;
		};
		8454FEC1280FEC7D00A18D1F /* Release */ = {
			isa = XCBuildConfiguration;
			buildSettings = {
				ALWAYS_EMBED_SWIFT_STANDARD_LIBRARIES = YES;
				BUNDLE_LOADER = "$(TEST_HOST)";
				CODE_SIGN_STYLE = Automatic;
				CURRENT_PROJECT_VERSION = 1;
				DEVELOPMENT_TEAM = 9DA4NCX85L;
				GENERATE_INFOPLIST_FILE = YES;
				IPHONEOS_DEPLOYMENT_TARGET = 15.4;
				MARKETING_VERSION = 1.0;
				PRODUCT_BUNDLE_IDENTIFIER = zhouying.FTTradeSwiftDemo5Tests;
				PRODUCT_NAME = "$(TARGET_NAME)";
				SWIFT_EMIT_LOC_STRINGS = NO;
				SWIFT_VERSION = 5.0;
				TARGETED_DEVICE_FAMILY = "1,2";
				TEST_HOST = "$(BUILT_PRODUCTS_DIR)/FTTradeSwiftDemo5.app/FTTradeSwiftDemo5";
			};
			name = Release;
		};
		8454FEC3280FEC7D00A18D1F /* Debug */ = {
			isa = XCBuildConfiguration;
			buildSettings = {
				ALWAYS_EMBED_SWIFT_STANDARD_LIBRARIES = YES;
				CODE_SIGN_STYLE = Automatic;
				CURRENT_PROJECT_VERSION = 1;
				DEVELOPMENT_TEAM = 9DA4NCX85L;
				GENERATE_INFOPLIST_FILE = YES;
				MARKETING_VERSION = 1.0;
				PRODUCT_BUNDLE_IDENTIFIER = zhouying.FTTradeSwiftDemo5UITests;
				PRODUCT_NAME = "$(TARGET_NAME)";
				SWIFT_EMIT_LOC_STRINGS = NO;
				SWIFT_VERSION = 5.0;
				TARGETED_DEVICE_FAMILY = "1,2";
				TEST_TARGET_NAME = FTTradeSwiftDemo5;
			};
			name = Debug;
		};
		8454FEC4280FEC7D00A18D1F /* Release */ = {
			isa = XCBuildConfiguration;
			buildSettings = {
				ALWAYS_EMBED_SWIFT_STANDARD_LIBRARIES = YES;
				CODE_SIGN_STYLE = Automatic;
				CURRENT_PROJECT_VERSION = 1;
				DEVELOPMENT_TEAM = 9DA4NCX85L;
				GENERATE_INFOPLIST_FILE = YES;
				MARKETING_VERSION = 1.0;
				PRODUCT_BUNDLE_IDENTIFIER = zhouying.FTTradeSwiftDemo5UITests;
				PRODUCT_NAME = "$(TARGET_NAME)";
				SWIFT_EMIT_LOC_STRINGS = NO;
				SWIFT_VERSION = 5.0;
				TARGETED_DEVICE_FAMILY = "1,2";
				TEST_TARGET_NAME = FTTradeSwiftDemo5;
			};
			name = Release;
		};
/* End XCBuildConfiguration section */

/* Begin XCConfigurationList section */
		8454FE8D280FEC7C00A18D1F /* Build configuration list for PBXProject "FTTradeSwiftDemo5" */ = {
			isa = XCConfigurationList;
			buildConfigurations = (
				8454FEBA280FEC7D00A18D1F /* Debug */,
				8454FEBB280FEC7D00A18D1F /* Release */,
			);
			defaultConfigurationIsVisible = 0;
			defaultConfigurationName = Release;
		};
		8454FEBC280FEC7D00A18D1F /* Build configuration list for PBXNativeTarget "FTTradeSwiftDemo5" */ = {
			isa = XCConfigurationList;
			buildConfigurations = (
				8454FEBD280FEC7D00A18D1F /* Debug */,
				8454FEBE280FEC7D00A18D1F /* Release */,
			);
			defaultConfigurationIsVisible = 0;
			defaultConfigurationName = Release;
		};
		8454FEBF280FEC7D00A18D1F /* Build configuration list for PBXNativeTarget "FTTradeSwiftDemo5Tests" */ = {
			isa = XCConfigurationList;
			buildConfigurations = (
				8454FEC0280FEC7D00A18D1F /* Debug */,
				8454FEC1280FEC7D00A18D1F /* Release */,
			);
			defaultConfigurationIsVisible = 0;
			defaultConfigurationName = Release;
		};
		8454FEC2280FEC7D00A18D1F /* Build configuration list for PBXNativeTarget "FTTradeSwiftDemo5UITests" */ = {
			isa = XCConfigurationList;
			buildConfigurations = (
				8454FEC3280FEC7D00A18D1F /* Debug */,
				8454FEC4280FEC7D00A18D1F /* Release */,
			);
			defaultConfigurationIsVisible = 0;
			defaultConfigurationName = Release;
		};
/* End XCConfigurationList section */
	};
	rootObject = 8454FE8A280FEC7C00A18D1F /* Project object */;
}
